// !$*UTF8*$!
{
	archiveVersion = 1;
	classes = {
	};
	objectVersion = 46;
	objects = {

/* Begin PBXBuildFile section */
		3CFA597818C0983E00B636E9 /* Foundation.framework in Frameworks */ = {isa = PBXBuildFile; fileRef = 3CFA597718C0983E00B636E9 /* Foundation.framework */; };
		3CFA59C318C0987D00B636E9 /* libAppCanEngine_IOS.a in Frameworks */ = {isa = PBXBuildFile; fileRef = 3CFA59C218C0987D00B636E9 /* libAppCanEngine_IOS.a */; };
		3CFA59C518C098B600B636E9 /* libz.dylib in Frameworks */ = {isa = PBXBuildFile; fileRef = 3CFA59C418C098B600B636E9 /* libz.dylib */; };
		3CFA59C718C098BE00B636E9 /* libsqlite3.dylib in Frameworks */ = {isa = PBXBuildFile; fileRef = 3CFA59C618C098BE00B636E9 /* libsqlite3.dylib */; };
		3CFA59C918C098C300B636E9 /* SystemConfiguration.framework in Frameworks */ = {isa = PBXBuildFile; fileRef = 3CFA59C818C098C300B636E9 /* SystemConfiguration.framework */; };
		3CFA59CB18C098C900B636E9 /* MobileCoreServices.framework in Frameworks */ = {isa = PBXBuildFile; fileRef = 3CFA59CA18C098C900B636E9 /* MobileCoreServices.framework */; };
		3CFA59CD18C098CE00B636E9 /* CoreTelephony.framework in Frameworks */ = {isa = PBXBuildFile; fileRef = 3CFA59CC18C098CE00B636E9 /* CoreTelephony.framework */; };
		3CFA59CF18C098D800B636E9 /* MapKit.framework in Frameworks */ = {isa = PBXBuildFile; fileRef = 3CFA59CE18C098D800B636E9 /* MapKit.framework */; };
		3CFA59D118C098DE00B636E9 /* AudioToolbox.framework in Frameworks */ = {isa = PBXBuildFile; fileRef = 3CFA59D018C098DE00B636E9 /* AudioToolbox.framework */; };
		3CFA59F018C0996B00B636E9 /* EUExFileMgr.m in Sources */ = {isa = PBXBuildFile; fileRef = 3CFA59D818C0996B00B636E9 /* EUExFileMgr.m */; settings = {COMPILER_FLAGS = "-fno-objc-arc"; }; };
		3CFA59F118C0996B00B636E9 /* EUExFile.m in Sources */ = {isa = PBXBuildFile; fileRef = 3CFA59DB18C0996B00B636E9 /* EUExFile.m */; settings = {COMPILER_FLAGS = "-fno-objc-arc"; }; };
		3CFA59F218C0996B00B636E9 /* File.m in Sources */ = {isa = PBXBuildFile; fileRef = 3CFA59DD18C0996B00B636E9 /* File.m */; settings = {COMPILER_FLAGS = "-fno-objc-arc"; }; };
		3CFA59F318C0996B00B636E9 /* FileListViewController.m in Sources */ = {isa = PBXBuildFile; fileRef = 3CFA59E818C0996B00B636E9 /* FileListViewController.m */; settings = {COMPILER_FLAGS = "-fno-objc-arc"; }; };
		3CFA59F418C0996B00B636E9 /* FileExplorer.m in Sources */ = {isa = PBXBuildFile; fileRef = 3CFA59EB18C0996B00B636E9 /* FileExplorer.m */; settings = {COMPILER_FLAGS = "-fno-objc-arc"; }; };
		3CFA59F518C0996B00B636E9 /* FileExplorerItem.m in Sources */ = {isa = PBXBuildFile; fileRef = 3CFA59ED18C0996B00B636E9 /* FileExplorerItem.m */; settings = {COMPILER_FLAGS = "-fno-objc-arc"; }; };
		3CFA59F618C0996B00B636E9 /* FileSelectorViewController.m in Sources */ = {isa = PBXBuildFile; fileRef = 3CFA59EF18C0996B00B636E9 /* FileSelectorViewController.m */; settings = {COMPILER_FLAGS = "-fno-objc-arc"; }; };
		42E4DF9E1BA163CD004588FB /* EUExFile+search.m in Sources */ = {isa = PBXBuildFile; fileRef = 42E4DF9D1BA163CD004588FB /* EUExFile+search.m */; };
/* End PBXBuildFile section */

/* Begin PBXCopyFilesBuildPhase section */
		3CFA597218C0983E00B636E9 /* CopyFiles */ = {
			isa = PBXCopyFilesBuildPhase;
			buildActionMask = 2147483647;
			dstPath = "include/$(PRODUCT_NAME)";
			dstSubfolderSpec = 16;
			files = (
			);
			runOnlyForDeploymentPostprocessing = 0;
		};
/* End PBXCopyFilesBuildPhase section */

/* Begin PBXFileReference section */
		3CFA597418C0983E00B636E9 /* uexFileMgr.dylib */ = {isa = PBXFileReference; explicitFileType = "compiled.mach-o.dylib"; includeInIndex = 0; path = uexFileMgr.dylib; sourceTree = BUILT_PRODUCTS_DIR; };
		3CFA597718C0983E00B636E9 /* Foundation.framework */ = {isa = PBXFileReference; lastKnownFileType = wrapper.framework; name = Foundation.framework; path = System/Library/Frameworks/Foundation.framework; sourceTree = SDKROOT; };
		3CFA59C218C0987D00B636E9 /* libAppCanEngine_IOS.a */ = {isa = PBXFileReference; lastKnownFileType = archive.ar; name = libAppCanEngine_IOS.a; path = ../libAppCanEngine_IOS.a; sourceTree = "<group>"; };
		3CFA59C418C098B600B636E9 /* libz.dylib */ = {isa = PBXFileReference; lastKnownFileType = "compiled.mach-o.dylib"; name = libz.dylib; path = usr/lib/libz.dylib; sourceTree = SDKROOT; };
		3CFA59C618C098BE00B636E9 /* libsqlite3.dylib */ = {isa = PBXFileReference; lastKnownFileType = "compiled.mach-o.dylib"; name = libsqlite3.dylib; path = usr/lib/libsqlite3.dylib; sourceTree = SDKROOT; };
		3CFA59C818C098C300B636E9 /* SystemConfiguration.framework */ = {isa = PBXFileReference; lastKnownFileType = wrapper.framework; name = SystemConfiguration.framework; path = System/Library/Frameworks/SystemConfiguration.framework; sourceTree = SDKROOT; };
		3CFA59CA18C098C900B636E9 /* MobileCoreServices.framework */ = {isa = PBXFileReference; lastKnownFileType = wrapper.framework; name = MobileCoreServices.framework; path = System/Library/Frameworks/MobileCoreServices.framework; sourceTree = SDKROOT; };
		3CFA59CC18C098CE00B636E9 /* CoreTelephony.framework */ = {isa = PBXFileReference; lastKnownFileType = wrapper.framework; name = CoreTelephony.framework; path = System/Library/Frameworks/CoreTelephony.framework; sourceTree = SDKROOT; };
		3CFA59CE18C098D800B636E9 /* MapKit.framework */ = {isa = PBXFileReference; lastKnownFileType = wrapper.framework; name = MapKit.framework; path = System/Library/Frameworks/MapKit.framework; sourceTree = SDKROOT; };
		3CFA59D018C098DE00B636E9 /* AudioToolbox.framework */ = {isa = PBXFileReference; lastKnownFileType = wrapper.framework; name = AudioToolbox.framework; path = System/Library/Frameworks/AudioToolbox.framework; sourceTree = SDKROOT; };
		3CFA59D318C0996B00B636E9 /* EUExBase.h */ = {isa = PBXFileReference; fileEncoding = 4; lastKnownFileType = sourcecode.c.h; path = EUExBase.h; sourceTree = "<group>"; };
		3CFA59D418C0996B00B636E9 /* EUExBaseDefine.h */ = {isa = PBXFileReference; fileEncoding = 4; lastKnownFileType = sourcecode.c.h; path = EUExBaseDefine.h; sourceTree = "<group>"; };
		3CFA59D518C0996B00B636E9 /* EUtility.h */ = {isa = PBXFileReference; fileEncoding = 4; lastKnownFileType = sourcecode.c.h; path = EUtility.h; sourceTree = "<group>"; };
		3CFA59D618C0996B00B636E9 /* EUExFileMgr-Prefix.pch */ = {isa = PBXFileReference; fileEncoding = 4; lastKnownFileType = sourcecode.c.h; name = "EUExFileMgr-Prefix.pch"; path = "EUExFileMgr/EUExFileMgr-Prefix.pch"; sourceTree = SOURCE_ROOT; };
		3CFA59D718C0996B00B636E9 /* EUExFileMgr.h */ = {isa = PBXFileReference; fileEncoding = 4; lastKnownFileType = sourcecode.c.h; name = EUExFileMgr.h; path = EUExFileMgr/EUExFileMgr.h; sourceTree = SOURCE_ROOT; };
		3CFA59D818C0996B00B636E9 /* EUExFileMgr.m */ = {isa = PBXFileReference; fileEncoding = 4; lastKnownFileType = sourcecode.c.objc; name = EUExFileMgr.m; path = EUExFileMgr/EUExFileMgr.m; sourceTree = SOURCE_ROOT; };
		3CFA59DA18C0996B00B636E9 /* EUExFile.h */ = {isa = PBXFileReference; fileEncoding = 4; lastKnownFileType = sourcecode.c.h; path = EUExFile.h; sourceTree = "<group>"; };
		3CFA59DB18C0996B00B636E9 /* EUExFile.m */ = {isa = PBXFileReference; fileEncoding = 4; lastKnownFileType = sourcecode.c.objc; path = EUExFile.m; sourceTree = "<group>"; };
		3CFA59DC18C0996B00B636E9 /* File.h */ = {isa = PBXFileReference; fileEncoding = 4; lastKnownFileType = sourcecode.c.h; path = File.h; sourceTree = "<group>"; };
		3CFA59DD18C0996B00B636E9 /* File.m */ = {isa = PBXFileReference; fileEncoding = 4; lastKnownFileType = sourcecode.c.objc; path = File.m; sourceTree = "<group>"; };
		3CFA59DF18C0996B00B636E9 /* JSON.h */ = {isa = PBXFileReference; fileEncoding = 4; lastKnownFileType = sourcecode.c.h; path = JSON.h; sourceTree = "<group>"; };
		3CFA59E018C0996B00B636E9 /* NSObject+SBJSON.h */ = {isa = PBXFileReference; fileEncoding = 4; lastKnownFileType = sourcecode.c.h; path = "NSObject+SBJSON.h"; sourceTree = "<group>"; };
		3CFA59E118C0996B00B636E9 /* NSString+SBJSON.h */ = {isa = PBXFileReference; fileEncoding = 4; lastKnownFileType = sourcecode.c.h; path = "NSString+SBJSON.h"; sourceTree = "<group>"; };
		3CFA59E218C0996B00B636E9 /* SBJSON.h */ = {isa = PBXFileReference; fileEncoding = 4; lastKnownFileType = sourcecode.c.h; path = SBJSON.h; sourceTree = "<group>"; };
		3CFA59E318C0996B00B636E9 /* SBJsonBase.h */ = {isa = PBXFileReference; fileEncoding = 4; lastKnownFileType = sourcecode.c.h; path = SBJsonBase.h; sourceTree = "<group>"; };
		3CFA59E418C0996B00B636E9 /* SBJsonParser.h */ = {isa = PBXFileReference; fileEncoding = 4; lastKnownFileType = sourcecode.c.h; path = SBJsonParser.h; sourceTree = "<group>"; };
		3CFA59E518C0996B00B636E9 /* SBJsonWriter.h */ = {isa = PBXFileReference; fileEncoding = 4; lastKnownFileType = sourcecode.c.h; path = SBJsonWriter.h; sourceTree = "<group>"; };
		3CFA59E718C0996B00B636E9 /* FileListViewController.h */ = {isa = PBXFileReference; fileEncoding = 4; lastKnownFileType = sourcecode.c.h; path = FileListViewController.h; sourceTree = "<group>"; };
		3CFA59E818C0996B00B636E9 /* FileListViewController.m */ = {isa = PBXFileReference; fileEncoding = 4; lastKnownFileType = sourcecode.c.objc; path = FileListViewController.m; sourceTree = "<group>"; };
		3CFA59EA18C0996B00B636E9 /* FileExplorer.h */ = {isa = PBXFileReference; fileEncoding = 4; lastKnownFileType = sourcecode.c.h; path = FileExplorer.h; sourceTree = "<group>"; };
		3CFA59EB18C0996B00B636E9 /* FileExplorer.m */ = {isa = PBXFileReference; fileEncoding = 4; lastKnownFileType = sourcecode.c.objc; path = FileExplorer.m; sourceTree = "<group>"; };
		3CFA59EC18C0996B00B636E9 /* FileExplorerItem.h */ = {isa = PBXFileReference; fileEncoding = 4; lastKnownFileType = sourcecode.c.h; path = FileExplorerItem.h; sourceTree = "<group>"; };
		3CFA59ED18C0996B00B636E9 /* FileExplorerItem.m */ = {isa = PBXFileReference; fileEncoding = 4; lastKnownFileType = sourcecode.c.objc; path = FileExplorerItem.m; sourceTree = "<group>"; };
		3CFA59EE18C0996B00B636E9 /* FileSelectorViewController.h */ = {isa = PBXFileReference; fileEncoding = 4; lastKnownFileType = sourcecode.c.h; path = FileSelectorViewController.h; sourceTree = "<group>"; };
		3CFA59EF18C0996B00B636E9 /* FileSelectorViewController.m */ = {isa = PBXFileReference; fileEncoding = 4; lastKnownFileType = sourcecode.c.objc; path = FileSelectorViewController.m; sourceTree = "<group>"; };
		42E4DF9C1BA163CD004588FB /* EUExFile+search.h */ = {isa = PBXFileReference; fileEncoding = 4; lastKnownFileType = sourcecode.c.h; path = "EUExFile+search.h"; sourceTree = "<group>"; };
		42E4DF9D1BA163CD004588FB /* EUExFile+search.m */ = {isa = PBXFileReference; fileEncoding = 4; lastKnownFileType = sourcecode.c.objc; path = "EUExFile+search.m"; sourceTree = "<group>"; };
/* End PBXFileReference section */

/* Begin PBXFrameworksBuildPhase section */
		3CFA597118C0983E00B636E9 /* Frameworks */ = {
			isa = PBXFrameworksBuildPhase;
			buildActionMask = 2147483647;
			files = (
				3CFA59D118C098DE00B636E9 /* AudioToolbox.framework in Frameworks */,
				3CFA59CF18C098D800B636E9 /* MapKit.framework in Frameworks */,
				3CFA59CD18C098CE00B636E9 /* CoreTelephony.framework in Frameworks */,
				3CFA59CB18C098C900B636E9 /* MobileCoreServices.framework in Frameworks */,
				3CFA59C918C098C300B636E9 /* SystemConfiguration.framework in Frameworks */,
				3CFA59C718C098BE00B636E9 /* libsqlite3.dylib in Frameworks */,
				3CFA59C518C098B600B636E9 /* libz.dylib in Frameworks */,
				3CFA59C318C0987D00B636E9 /* libAppCanEngine_IOS.a in Frameworks */,
				3CFA597818C0983E00B636E9 /* Foundation.framework in Frameworks */,
			);
			runOnlyForDeploymentPostprocessing = 0;
		};
/* End PBXFrameworksBuildPhase section */

/* Begin PBXGroup section */
		3CFA596B18C0983E00B636E9 = {
			isa = PBXGroup;
			children = (
				3CFA597918C0983E00B636E9 /* uexFileMgr */,
				3CFA597618C0983E00B636E9 /* Frameworks */,
				3CFA597518C0983E00B636E9 /* Products */,
			);
			sourceTree = "<group>";
		};
		3CFA597518C0983E00B636E9 /* Products */ = {
			isa = PBXGroup;
			children = (
				3CFA597418C0983E00B636E9 /* uexFileMgr.dylib */,
			);
			name = Products;
			sourceTree = "<group>";
		};
		3CFA597618C0983E00B636E9 /* Frameworks */ = {
			isa = PBXGroup;
			children = (
				3CFA59D018C098DE00B636E9 /* AudioToolbox.framework */,
				3CFA59CE18C098D800B636E9 /* MapKit.framework */,
				3CFA59CC18C098CE00B636E9 /* CoreTelephony.framework */,
				3CFA59CA18C098C900B636E9 /* MobileCoreServices.framework */,
				3CFA59C818C098C300B636E9 /* SystemConfiguration.framework */,
				3CFA59C618C098BE00B636E9 /* libsqlite3.dylib */,
				3CFA59C418C098B600B636E9 /* libz.dylib */,
				3CFA59C218C0987D00B636E9 /* libAppCanEngine_IOS.a */,
				3CFA597718C0983E00B636E9 /* Foundation.framework */,
			);
			name = Frameworks;
			sourceTree = "<group>";
		};
		3CFA597918C0983E00B636E9 /* uexFileMgr */ = {
			isa = PBXGroup;
			children = (
				3CFA59D218C0996B00B636E9 /* engineHeader */,
				3CFA59D618C0996B00B636E9 /* EUExFileMgr-Prefix.pch */,
				3CFA59D718C0996B00B636E9 /* EUExFileMgr.h */,
				3CFA59D818C0996B00B636E9 /* EUExFileMgr.m */,
				3CFA59D918C0996B00B636E9 /* sourceCode */,
			);
			path = uexFileMgr;
			sourceTree = "<group>";
		};
		3CFA59D218C0996B00B636E9 /* engineHeader */ = {
			isa = PBXGroup;
			children = (
				3CFA59D318C0996B00B636E9 /* EUExBase.h */,
				3CFA59D418C0996B00B636E9 /* EUExBaseDefine.h */,
				3CFA59D518C0996B00B636E9 /* EUtility.h */,
			);
			name = engineHeader;
			path = EUExFileMgr/engineHeader;
			sourceTree = SOURCE_ROOT;
		};
		3CFA59D918C0996B00B636E9 /* sourceCode */ = {
			isa = PBXGroup;
			children = (
				42E4DF9C1BA163CD004588FB /* EUExFile+search.h */,
				42E4DF9D1BA163CD004588FB /* EUExFile+search.m */,
				3CFA59DA18C0996B00B636E9 /* EUExFile.h */,
				3CFA59DB18C0996B00B636E9 /* EUExFile.m */,
				3CFA59DC18C0996B00B636E9 /* File.h */,
				3CFA59DD18C0996B00B636E9 /* File.m */,
				3CFA59DE18C0996B00B636E9 /* JSON */,
				3CFA59E618C0996B00B636E9 /* mutiFileChoose */,
				3CFA59E918C0996B00B636E9 /* singleFileChoose */,
			);
			name = sourceCode;
			path = EUExFileMgr/sourceCode;
			sourceTree = SOURCE_ROOT;
		};
		3CFA59DE18C0996B00B636E9 /* JSON */ = {
			isa = PBXGroup;
			children = (
				3CFA59DF18C0996B00B636E9 /* JSON.h */,
				3CFA59E018C0996B00B636E9 /* NSObject+SBJSON.h */,
				3CFA59E118C0996B00B636E9 /* NSString+SBJSON.h */,
				3CFA59E218C0996B00B636E9 /* SBJSON.h */,
				3CFA59E318C0996B00B636E9 /* SBJsonBase.h */,
				3CFA59E418C0996B00B636E9 /* SBJsonParser.h */,
				3CFA59E518C0996B00B636E9 /* SBJsonWriter.h */,
			);
			path = JSON;
			sourceTree = "<group>";
		};
		3CFA59E618C0996B00B636E9 /* mutiFileChoose */ = {
			isa = PBXGroup;
			children = (
				3CFA59E718C0996B00B636E9 /* FileListViewController.h */,
				3CFA59E818C0996B00B636E9 /* FileListViewController.m */,
			);
			path = mutiFileChoose;
			sourceTree = "<group>";
		};
		3CFA59E918C0996B00B636E9 /* singleFileChoose */ = {
			isa = PBXGroup;
			children = (
				3CFA59EA18C0996B00B636E9 /* FileExplorer.h */,
				3CFA59EB18C0996B00B636E9 /* FileExplorer.m */,
				3CFA59EC18C0996B00B636E9 /* FileExplorerItem.h */,
				3CFA59ED18C0996B00B636E9 /* FileExplorerItem.m */,
				3CFA59EE18C0996B00B636E9 /* FileSelectorViewController.h */,
				3CFA59EF18C0996B00B636E9 /* FileSelectorViewController.m */,
			);
			path = singleFileChoose;
			sourceTree = "<group>";
		};
/* End PBXGroup section */

/* Begin PBXNativeTarget section */
		3CFA597318C0983E00B636E9 /* uexFileMgr */ = {
			isa = PBXNativeTarget;
			buildConfigurationList = 3CFA599718C0983E00B636E9 /* Build configuration list for PBXNativeTarget "uexFileMgr" */;
			buildPhases = (
				3CFA597018C0983E00B636E9 /* Sources */,
				3CFA597118C0983E00B636E9 /* Frameworks */,
				3CFA597218C0983E00B636E9 /* CopyFiles */,
			);
			buildRules = (
			);
			dependencies = (
			);
			name = uexFileMgr;
			productName = uexFileMgr;
			productReference = 3CFA597418C0983E00B636E9 /* uexFileMgr.dylib */;
			productType = "com.apple.product-type.library.dynamic";
		};
/* End PBXNativeTarget section */

/* Begin PBXProject section */
		3CFA596C18C0983E00B636E9 /* Project object */ = {
			isa = PBXProject;
			attributes = {
				LastUpgradeCheck = 0500;
				ORGANIZATIONNAME = demo;
			};
			buildConfigurationList = 3CFA596F18C0983E00B636E9 /* Build configuration list for PBXProject "uexFileMgr" */;
			compatibilityVersion = "Xcode 3.2";
			developmentRegion = English;
			hasScannedForEncodings = 0;
			knownRegions = (
				en,
			);
			mainGroup = 3CFA596B18C0983E00B636E9;
			productRefGroup = 3CFA597518C0983E00B636E9 /* Products */;
			projectDirPath = "";
			projectRoot = "";
			targets = (
				3CFA597318C0983E00B636E9 /* uexFileMgr */,
			);
		};
/* End PBXProject section */

/* Begin PBXSourcesBuildPhase section */
		3CFA597018C0983E00B636E9 /* Sources */ = {
			isa = PBXSourcesBuildPhase;
			buildActionMask = 2147483647;
			files = (
				3CFA59F118C0996B00B636E9 /* EUExFile.m in Sources */,
				3CFA59F018C0996B00B636E9 /* EUExFileMgr.m in Sources */,
				3CFA59F618C0996B00B636E9 /* FileSelectorViewController.m in Sources */,
				3CFA59F318C0996B00B636E9 /* FileListViewController.m in Sources */,
				42E4DF9E1BA163CD004588FB /* EUExFile+search.m in Sources */,
				3CFA59F518C0996B00B636E9 /* FileExplorerItem.m in Sources */,
				3CFA59F218C0996B00B636E9 /* File.m in Sources */,
				3CFA59F418C0996B00B636E9 /* FileExplorer.m in Sources */,
			);
			runOnlyForDeploymentPostprocessing = 0;
		};
/* End PBXSourcesBuildPhase section */

/* Begin XCBuildConfiguration section */
		3CFA599518C0983E00B636E9 /* Debug */ = {
			isa = XCBuildConfiguration;
			buildSettings = {
				ALWAYS_SEARCH_USER_PATHS = NO;
				ARCHS = "$(ARCHS_STANDARD)";
				CLANG_CXX_LANGUAGE_STANDARD = "gnu++0x";
				CLANG_CXX_LIBRARY = "libc++";
				CLANG_ENABLE_MODULES = YES;
				CLANG_ENABLE_OBJC_ARC = YES;
				CLANG_WARN_BOOL_CONVERSION = YES;
				CLANG_WARN_CONSTANT_CONVERSION = YES;
				CLANG_WARN_DIRECT_OBJC_ISA_USAGE = YES_ERROR;
				CLANG_WARN_EMPTY_BODY = YES;
				CLANG_WARN_ENUM_CONVERSION = YES;
				CLANG_WARN_INT_CONVERSION = YES;
				CLANG_WARN_OBJC_ROOT_CLASS = YES_ERROR;
				CLANG_WARN__DUPLICATE_METHOD_MATCH = YES;
				CODE_SIGN_IDENTITY = "iPhone Distribution: Zhengyi Wireless(Beijing) Technology Co., Ltd.";
				COPY_PHASE_STRIP = NO;
				GCC_C_LANGUAGE_STANDARD = gnu99;
				GCC_DYNAMIC_NO_PIC = NO;
				GCC_OPTIMIZATION_LEVEL = 0;
				GCC_PREPROCESSOR_DEFINITIONS = (
					"DEBUG=1",
					"$(inherited)",
				);
				GCC_SYMBOLS_PRIVATE_EXTERN = NO;
				GCC_WARN_64_TO_32_BIT_CONVERSION = YES;
				GCC_WARN_ABOUT_RETURN_TYPE = YES_ERROR;
				GCC_WARN_UNDECLARED_SELECTOR = YES;
				GCC_WARN_UNINITIALIZED_AUTOS = YES;
				GCC_WARN_UNUSED_FUNCTION = YES;
				GCC_WARN_UNUSED_VARIABLE = YES;
				IPHONEOS_DEPLOYMENT_TARGET = 4.3;
				ONLY_ACTIVE_ARCH = NO;
				SDKROOT = iphoneos;
				VALID_ARCHS = "armv7 armv7s";
			};
			name = Debug;
		};
		3CFA599618C0983E00B636E9 /* Release */ = {
			isa = XCBuildConfiguration;
			buildSettings = {
				ALWAYS_SEARCH_USER_PATHS = NO;
				ARCHS = "$(ARCHS_STANDARD)";
				CLANG_CXX_LANGUAGE_STANDARD = "gnu++0x";
				CLANG_CXX_LIBRARY = "libc++";
				CLANG_ENABLE_MODULES = YES;
				CLANG_ENABLE_OBJC_ARC = YES;
				CLANG_WARN_BOOL_CONVERSION = YES;
				CLANG_WARN_CONSTANT_CONVERSION = YES;
				CLANG_WARN_DIRECT_OBJC_ISA_USAGE = YES_ERROR;
				CLANG_WARN_EMPTY_BODY = YES;
				CLANG_WARN_ENUM_CONVERSION = YES;
				CLANG_WARN_INT_CONVERSION = YES;
				CLANG_WARN_OBJC_ROOT_CLASS = YES_ERROR;
				CLANG_WARN__DUPLICATE_METHOD_MATCH = YES;
				CODE_SIGN_IDENTITY = "iPhone Distribution: Zhengyi Wireless(Beijing) Technology Co., Ltd.";
				COPY_PHASE_STRIP = YES;
				ENABLE_NS_ASSERTIONS = NO;
				GCC_C_LANGUAGE_STANDARD = gnu99;
				GCC_WARN_64_TO_32_BIT_CONVERSION = YES;
				GCC_WARN_ABOUT_RETURN_TYPE = YES_ERROR;
				GCC_WARN_UNDECLARED_SELECTOR = YES;
				GCC_WARN_UNINITIALIZED_AUTOS = YES;
				GCC_WARN_UNUSED_FUNCTION = YES;
				GCC_WARN_UNUSED_VARIABLE = YES;
				IPHONEOS_DEPLOYMENT_TARGET = 4.3;
				SDKROOT = iphoneos;
				VALIDATE_PRODUCT = YES;
				VALID_ARCHS = "armv7 armv7s";
			};
			name = Release;
		};
		3CFA599818C0983E00B636E9 /* Debug */ = {
			isa = XCBuildConfiguration;
			buildSettings = {
				ARCHS = "$(ARCHS_STANDARD)";
				CODE_SIGN_IDENTITY = "iPhone Developer: leilei xu (T8E4RVNP82)";
				CONFIGURATION_BUILD_DIR = "$(SRCROOT)/uexFileMgr/";
				DEBUG_INFORMATION_FORMAT = dwarf;
				DSTROOT = /tmp/uexFileMgr.dst;
				GCC_PRECOMPILE_PREFIX_HEADER = YES;
				GCC_PREFIX_HEADER = "EUExFileMgr/EUExFileMgr-Prefix.pch";
				IPHONEOS_DEPLOYMENT_TARGET = 4.3;
				LIBRARY_SEARCH_PATHS = (
					"$(inherited)",
					"$(SRCROOT)/../",
				);
				ONLY_ACTIVE_ARCH = NO;
				OTHER_LDFLAGS = "-ObjC";
				PRODUCT_NAME = "$(TARGET_NAME)";
				SKIP_INSTALL = YES;
			};
			name = Debug;
		};
		3CFA599918C0983E00B636E9 /* Release */ = {
			isa = XCBuildConfiguration;
			buildSettings = {
				ARCHS = "$(ARCHS_STANDARD)";
				CODE_SIGN_IDENTITY = "iPhone Developer: leilei xu (T8E4RVNP82)";
				CONFIGURATION_BUILD_DIR = "$(SRCROOT)/uexFileMgr/";
				DEBUG_INFORMATION_FORMAT = dwarf;
				DSTROOT = /tmp/uexFileMgr.dst;
				GCC_PRECOMPILE_PREFIX_HEADER = YES;
				GCC_PREFIX_HEADER = "EUExFileMgr/EUExFileMgr-Prefix.pch";
				IPHONEOS_DEPLOYMENT_TARGET = 4.3;
				LIBRARY_SEARCH_PATHS = (
					"$(inherited)",
					"$(SRCROOT)/../",
				);
				OTHER_LDFLAGS = "-ObjC";
				PRODUCT_NAME = "$(TARGET_NAME)";
				SKIP_INSTALL = YES;
			};
			name = Release;
		};
/* End XCBuildConfiguration section */

/* Begin XCConfigurationList section */
		3CFA596F18C0983E00B636E9 /* Build configuration list for PBXProject "uexFileMgr" */ = {
			isa = XCConfigurationList;
			buildConfigurations = (
				3CFA599518C0983E00B636E9 /* Debug */,
				3CFA599618C0983E00B636E9 /* Release */,
			);
			defaultConfigurationIsVisible = 0;
			defaultConfigurationName = Release;
		};
		3CFA599718C0983E00B636E9 /* Build configuration list for PBXNativeTarget "uexFileMgr" */ = {
			isa = XCConfigurationList;
			buildConfigurations = (
				3CFA599818C0983E00B636E9 /* Debug */,
				3CFA599918C0983E00B636E9 /* Release */,
			);
			defaultConfigurationIsVisible = 0;
			defaultConfigurationName = Release;
		};
/* End XCConfigurationList section */
	};
	rootObject = 3CFA596C18C0983E00B636E9 /* Project object */;
}
