// !$*UTF8*$!
{
	archiveVersion = 1;
	classes = {
	};
	objectVersion = 46;
	objects = {

/* Begin PBXBuildFile section */
		3C1C09B81BE0618B00571E72 /* Localizable.strings in Resources */ = {isa = PBXBuildFile; fileRef = 3C1C09BA1BE0618B00571E72 /* Localizable.strings */; };
		420B046B1CA38D9F00E012B2 /* plugin_file_apk.png in Resources */ = {isa = PBXBuildFile; fileRef = 420B044E1CA38D9F00E012B2 /* plugin_file_apk.png */; };
		420B046C1CA38D9F00E012B2 /* plugin_file_apk@2x.png in Resources */ = {isa = PBXBuildFile; fileRef = 420B044F1CA38D9F00E012B2 /* plugin_file_apk@2x.png */; };
		420B046D1CA38D9F00E012B2 /* plugin_file_doc.png in Resources */ = {isa = PBXBuildFile; fileRef = 420B04501CA38D9F00E012B2 /* plugin_file_doc.png */; };
		420B046E1CA38D9F00E012B2 /* plugin_file_doc@2x.png in Resources */ = {isa = PBXBuildFile; fileRef = 420B04511CA38D9F00E012B2 /* plugin_file_doc@2x.png */; };
		420B046F1CA38D9F00E012B2 /* plugin_file_emptyfolder.png in Resources */ = {isa = PBXBuildFile; fileRef = 420B04521CA38D9F00E012B2 /* plugin_file_emptyfolder.png */; };
		420B04701CA38D9F00E012B2 /* plugin_file_emptyfolder@2x.png in Resources */ = {isa = PBXBuildFile; fileRef = 420B04531CA38D9F00E012B2 /* plugin_file_emptyfolder@2x.png */; };
		420B04711CA38D9F00E012B2 /* plugin_file_excel.png in Resources */ = {isa = PBXBuildFile; fileRef = 420B04541CA38D9F00E012B2 /* plugin_file_excel.png */; };
		420B04721CA38D9F00E012B2 /* plugin_file_excel@2x.png in Resources */ = {isa = PBXBuildFile; fileRef = 420B04551CA38D9F00E012B2 /* plugin_file_excel@2x.png */; };
		420B04731CA38D9F00E012B2 /* plugin_file_folder_arrow.png in Resources */ = {isa = PBXBuildFile; fileRef = 420B04561CA38D9F00E012B2 /* plugin_file_folder_arrow.png */; };
		420B04741CA38D9F00E012B2 /* plugin_file_folder_arrow@2x.png in Resources */ = {isa = PBXBuildFile; fileRef = 420B04571CA38D9F00E012B2 /* plugin_file_folder_arrow@2x.png */; };
		420B04751CA38D9F00E012B2 /* plugin_file_folder.png in Resources */ = {isa = PBXBuildFile; fileRef = 420B04581CA38D9F00E012B2 /* plugin_file_folder.png */; };
		420B04761CA38D9F00E012B2 /* plugin_file_folder@2x.png in Resources */ = {isa = PBXBuildFile; fileRef = 420B04591CA38D9F00E012B2 /* plugin_file_folder@2x.png */; };
		420B04771CA38D9F00E012B2 /* plugin_file_music.png in Resources */ = {isa = PBXBuildFile; fileRef = 420B045A1CA38D9F00E012B2 /* plugin_file_music.png */; };
		420B04781CA38D9F00E012B2 /* plugin_file_music@2x.png in Resources */ = {isa = PBXBuildFile; fileRef = 420B045B1CA38D9F00E012B2 /* plugin_file_music@2x.png */; };
		420B04791CA38D9F00E012B2 /* plugin_file_pdf.png in Resources */ = {isa = PBXBuildFile; fileRef = 420B045C1CA38D9F00E012B2 /* plugin_file_pdf.png */; };
		420B047A1CA38D9F00E012B2 /* plugin_file_pdf@2x.png in Resources */ = {isa = PBXBuildFile; fileRef = 420B045D1CA38D9F00E012B2 /* plugin_file_pdf@2x.png */; };
		420B047B1CA38D9F00E012B2 /* plugin_file_photo.png in Resources */ = {isa = PBXBuildFile; fileRef = 420B045E1CA38D9F00E012B2 /* plugin_file_photo.png */; };
		420B047C1CA38D9F00E012B2 /* plugin_file_photo@2x.png in Resources */ = {isa = PBXBuildFile; fileRef = 420B045F1CA38D9F00E012B2 /* plugin_file_photo@2x.png */; };
		420B047D1CA38D9F00E012B2 /* plugin_file_ppt.png in Resources */ = {isa = PBXBuildFile; fileRef = 420B04601CA38D9F00E012B2 /* plugin_file_ppt.png */; };
		420B047E1CA38D9F00E012B2 /* plugin_file_ppt@2x.png in Resources */ = {isa = PBXBuildFile; fileRef = 420B04611CA38D9F00E012B2 /* plugin_file_ppt@2x.png */; };
		420B047F1CA38D9F00E012B2 /* plugin_file_Selected.png in Resources */ = {isa = PBXBuildFile; fileRef = 420B04621CA38D9F00E012B2 /* plugin_file_Selected.png */; };
		420B04801CA38D9F00E012B2 /* plugin_file_txt.png in Resources */ = {isa = PBXBuildFile; fileRef = 420B04631CA38D9F00E012B2 /* plugin_file_txt.png */; };
		420B04811CA38D9F00E012B2 /* plugin_file_txt@2x.png in Resources */ = {isa = PBXBuildFile; fileRef = 420B04641CA38D9F00E012B2 /* plugin_file_txt@2x.png */; };
		420B04821CA38D9F00E012B2 /* plugin_file_unknown.png in Resources */ = {isa = PBXBuildFile; fileRef = 420B04651CA38D9F00E012B2 /* plugin_file_unknown.png */; };
		420B04831CA38D9F00E012B2 /* plugin_file_unknown@2x.png in Resources */ = {isa = PBXBuildFile; fileRef = 420B04661CA38D9F00E012B2 /* plugin_file_unknown@2x.png */; };
		420B04841CA38D9F00E012B2 /* plugin_file_video.png in Resources */ = {isa = PBXBuildFile; fileRef = 420B04671CA38D9F00E012B2 /* plugin_file_video.png */; };
		420B04851CA38D9F00E012B2 /* plugin_file_video@2x.png in Resources */ = {isa = PBXBuildFile; fileRef = 420B04681CA38D9F00E012B2 /* plugin_file_video@2x.png */; };
		420B04861CA38D9F00E012B2 /* plugin_file_zip.png in Resources */ = {isa = PBXBuildFile; fileRef = 420B04691CA38D9F00E012B2 /* plugin_file_zip.png */; };
		420B04871CA38D9F00E012B2 /* plugin_file_zip@2x.png in Resources */ = {isa = PBXBuildFile; fileRef = 420B046A1CA38D9F00E012B2 /* plugin_file_zip@2x.png */; };
		423887911D6437110028AE3E /* AppCanKit.framework in Frameworks */ = {isa = PBXBuildFile; fileRef = 423887901D6437110028AE3E /* AppCanKit.framework */; };
		42D7F77F1D00045100447B4C /* EUExFileMgr.m in Sources */ = {isa = PBXBuildFile; fileRef = 42D7F77E1D00045100447B4C /* EUExFileMgr.m */; };
		42E4DF921BA12A08004588FB /* EUExFile+search.m in Sources */ = {isa = PBXBuildFile; fileRef = 42E4DF911BA12A08004588FB /* EUExFile+search.m */; };
		5A501098188FB69B0022E07C /* Foundation.framework in Frameworks */ = {isa = PBXBuildFile; fileRef = 5A501097188FB69B0022E07C /* Foundation.framework */; };
		5A5010D8188FB6E20022E07C /* EUExFile.m in Sources */ = {isa = PBXBuildFile; fileRef = 5A5010C3188FB6E20022E07C /* EUExFile.m */; };
		5A5010D9188FB6E20022E07C /* File.m in Sources */ = {isa = PBXBuildFile; fileRef = 5A5010C5188FB6E20022E07C /* File.m */; };
		5A5010DA188FB6E20022E07C /* FileListViewController.m in Sources */ = {isa = PBXBuildFile; fileRef = 5A5010D0188FB6E20022E07C /* FileListViewController.m */; };
		5A5010DB188FB6E20022E07C /* FileExplorer.m in Sources */ = {isa = PBXBuildFile; fileRef = 5A5010D3188FB6E20022E07C /* FileExplorer.m */; };
		5A5010DC188FB6E20022E07C /* FileExplorerItem.m in Sources */ = {isa = PBXBuildFile; fileRef = 5A5010D5188FB6E20022E07C /* FileExplorerItem.m */; };
		5A5010DD188FB6E20022E07C /* FileSelectorViewController.m in Sources */ = {isa = PBXBuildFile; fileRef = 5A5010D7188FB6E20022E07C /* FileSelectorViewController.m */; };
/* End PBXBuildFile section */

/* Begin PBXContainerItemProxy section */
		3C1AD5D81BD611E90091D2A1 /* PBXContainerItemProxy */ = {
			isa = PBXContainerItemProxy;
			containerPortal = 5A50108C188FB69B0022E07C /* Project object */;
			proxyType = 1;
			remoteGlobalIDString = 3C1AD5D11BD611BB0091D2A1;
			remoteInfo = uexFileMgrBundle;
		};
/* End PBXContainerItemProxy section */

/* Begin PBXCopyFilesBuildPhase section */
		5A501092188FB69B0022E07C /* CopyFiles */ = {
			isa = PBXCopyFilesBuildPhase;
			buildActionMask = 2147483647;
			dstPath = "include/$(PRODUCT_NAME)";
			dstSubfolderSpec = 16;
			files = (
			);
			runOnlyForDeploymentPostprocessing = 0;
		};
/* End PBXCopyFilesBuildPhase section */

/* Begin PBXFileReference section */
		3C1AD5D21BD611BB0091D2A1 /* uexFileMgr.bundle */ = {isa = PBXFileReference; explicitFileType = wrapper.cfbundle; includeInIndex = 0; path = uexFileMgr.bundle; sourceTree = BUILT_PRODUCTS_DIR; };
		3C1C09B91BE0618B00571E72 /* en */ = {isa = PBXFileReference; lastKnownFileType = text.plist.strings; name = en; path = en.lproj/Localizable.strings; sourceTree = "<group>"; };
		3C1C09BB1BE0618C00571E72 /* zh-Hans */ = {isa = PBXFileReference; lastKnownFileType = text.plist.strings; name = "zh-Hans"; path = "zh-Hans.lproj/Localizable.strings"; sourceTree = "<group>"; };
		420B044E1CA38D9F00E012B2 /* plugin_file_apk.png */ = {isa = PBXFileReference; lastKnownFileType = image.png; path = plugin_file_apk.png; sourceTree = "<group>"; };
		420B044F1CA38D9F00E012B2 /* plugin_file_apk@2x.png */ = {isa = PBXFileReference; lastKnownFileType = image.png; path = "plugin_file_apk@2x.png"; sourceTree = "<group>"; };
		420B04501CA38D9F00E012B2 /* plugin_file_doc.png */ = {isa = PBXFileReference; lastKnownFileType = image.png; path = plugin_file_doc.png; sourceTree = "<group>"; };
		420B04511CA38D9F00E012B2 /* plugin_file_doc@2x.png */ = {isa = PBXFileReference; lastKnownFileType = image.png; path = "plugin_file_doc@2x.png"; sourceTree = "<group>"; };
		420B04521CA38D9F00E012B2 /* plugin_file_emptyfolder.png */ = {isa = PBXFileReference; lastKnownFileType = image.png; path = plugin_file_emptyfolder.png; sourceTree = "<group>"; };
		420B04531CA38D9F00E012B2 /* plugin_file_emptyfolder@2x.png */ = {isa = PBXFileReference; lastKnownFileType = image.png; path = "plugin_file_emptyfolder@2x.png"; sourceTree = "<group>"; };
		420B04541CA38D9F00E012B2 /* plugin_file_excel.png */ = {isa = PBXFileReference; lastKnownFileType = image.png; path = plugin_file_excel.png; sourceTree = "<group>"; };
		420B04551CA38D9F00E012B2 /* plugin_file_excel@2x.png */ = {isa = PBXFileReference; lastKnownFileType = image.png; path = "plugin_file_excel@2x.png"; sourceTree = "<group>"; };
		420B04561CA38D9F00E012B2 /* plugin_file_folder_arrow.png */ = {isa = PBXFileReference; lastKnownFileType = image.png; path = plugin_file_folder_arrow.png; sourceTree = "<group>"; };
		420B04571CA38D9F00E012B2 /* plugin_file_folder_arrow@2x.png */ = {isa = PBXFileReference; lastKnownFileType = image.png; path = "plugin_file_folder_arrow@2x.png"; sourceTree = "<group>"; };
		420B04581CA38D9F00E012B2 /* plugin_file_folder.png */ = {isa = PBXFileReference; lastKnownFileType = image.png; path = plugin_file_folder.png; sourceTree = "<group>"; };
		420B04591CA38D9F00E012B2 /* plugin_file_folder@2x.png */ = {isa = PBXFileReference; lastKnownFileType = image.png; path = "plugin_file_folder@2x.png"; sourceTree = "<group>"; };
		420B045A1CA38D9F00E012B2 /* plugin_file_music.png */ = {isa = PBXFileReference; lastKnownFileType = image.png; path = plugin_file_music.png; sourceTree = "<group>"; };
		420B045B1CA38D9F00E012B2 /* plugin_file_music@2x.png */ = {isa = PBXFileReference; lastKnownFileType = image.png; path = "plugin_file_music@2x.png"; sourceTree = "<group>"; };
		420B045C1CA38D9F00E012B2 /* plugin_file_pdf.png */ = {isa = PBXFileReference; lastKnownFileType = image.png; path = plugin_file_pdf.png; sourceTree = "<group>"; };
		420B045D1CA38D9F00E012B2 /* plugin_file_pdf@2x.png */ = {isa = PBXFileReference; lastKnownFileType = image.png; path = "plugin_file_pdf@2x.png"; sourceTree = "<group>"; };
		420B045E1CA38D9F00E012B2 /* plugin_file_photo.png */ = {isa = PBXFileReference; lastKnownFileType = image.png; path = plugin_file_photo.png; sourceTree = "<group>"; };
		420B045F1CA38D9F00E012B2 /* plugin_file_photo@2x.png */ = {isa = PBXFileReference; lastKnownFileType = image.png; path = "plugin_file_photo@2x.png"; sourceTree = "<group>"; };
		420B04601CA38D9F00E012B2 /* plugin_file_ppt.png */ = {isa = PBXFileReference; lastKnownFileType = image.png; path = plugin_file_ppt.png; sourceTree = "<group>"; };
		420B04611CA38D9F00E012B2 /* plugin_file_ppt@2x.png */ = {isa = PBXFileReference; lastKnownFileType = image.png; path = "plugin_file_ppt@2x.png"; sourceTree = "<group>"; };
		420B04621CA38D9F00E012B2 /* plugin_file_Selected.png */ = {isa = PBXFileReference; lastKnownFileType = image.png; path = plugin_file_Selected.png; sourceTree = "<group>"; };
		420B04631CA38D9F00E012B2 /* plugin_file_txt.png */ = {isa = PBXFileReference; lastKnownFileType = image.png; path = plugin_file_txt.png; sourceTree = "<group>"; };
		420B04641CA38D9F00E012B2 /* plugin_file_txt@2x.png */ = {isa = PBXFileReference; lastKnownFileType = image.png; path = "plugin_file_txt@2x.png"; sourceTree = "<group>"; };
		420B04651CA38D9F00E012B2 /* plugin_file_unknown.png */ = {isa = PBXFileReference; lastKnownFileType = image.png; path = plugin_file_unknown.png; sourceTree = "<group>"; };
		420B04661CA38D9F00E012B2 /* plugin_file_unknown@2x.png */ = {isa = PBXFileReference; lastKnownFileType = image.png; path = "plugin_file_unknown@2x.png"; sourceTree = "<group>"; };
		420B04671CA38D9F00E012B2 /* plugin_file_video.png */ = {isa = PBXFileReference; lastKnownFileType = image.png; path = plugin_file_video.png; sourceTree = "<group>"; };
		420B04681CA38D9F00E012B2 /* plugin_file_video@2x.png */ = {isa = PBXFileReference; lastKnownFileType = image.png; path = "plugin_file_video@2x.png"; sourceTree = "<group>"; };
		420B04691CA38D9F00E012B2 /* plugin_file_zip.png */ = {isa = PBXFileReference; lastKnownFileType = image.png; path = plugin_file_zip.png; sourceTree = "<group>"; };
		420B046A1CA38D9F00E012B2 /* plugin_file_zip@2x.png */ = {isa = PBXFileReference; lastKnownFileType = image.png; path = "plugin_file_zip@2x.png"; sourceTree = "<group>"; };
		423887901D6437110028AE3E /* AppCanKit.framework */ = {isa = PBXFileReference; lastKnownFileType = wrapper.framework; path = AppCanKit.framework; sourceTree = "<group>"; };
		42D7F77D1D00045100447B4C /* EUExFileMgr.h */ = {isa = PBXFileReference; fileEncoding = 4; lastKnownFileType = sourcecode.c.h; path = EUExFileMgr.h; sourceTree = "<group>"; };
		42D7F77E1D00045100447B4C /* EUExFileMgr.m */ = {isa = PBXFileReference; fileEncoding = 4; lastKnownFileType = sourcecode.c.objc; path = EUExFileMgr.m; sourceTree = "<group>"; };
		42E4DF901BA12A08004588FB /* EUExFile+search.h */ = {isa = PBXFileReference; fileEncoding = 4; lastKnownFileType = sourcecode.c.h; path = "EUExFile+search.h"; sourceTree = "<group>"; };
		42E4DF911BA12A08004588FB /* EUExFile+search.m */ = {isa = PBXFileReference; fileEncoding = 4; lastKnownFileType = sourcecode.c.objc; path = "EUExFile+search.m"; sourceTree = "<group>"; };
		5A501094188FB69B0022E07C /* libuexFileMgr.a */ = {isa = PBXFileReference; explicitFileType = archive.ar; includeInIndex = 0; path = libuexFileMgr.a; sourceTree = BUILT_PRODUCTS_DIR; };
		5A501097188FB69B0022E07C /* Foundation.framework */ = {isa = PBXFileReference; lastKnownFileType = wrapper.framework; name = Foundation.framework; path = System/Library/Frameworks/Foundation.framework; sourceTree = SDKROOT; };
		5A50109B188FB69B0022E07C /* EUExFileMgr-Prefix.pch */ = {isa = PBXFileReference; lastKnownFileType = sourcecode.c.h; path = "EUExFileMgr-Prefix.pch"; sourceTree = "<group>"; };
		5A5010C2188FB6E20022E07C /* EUExFile.h */ = {isa = PBXFileReference; fileEncoding = 4; lastKnownFileType = sourcecode.c.h; path = EUExFile.h; sourceTree = "<group>"; };
		5A5010C3188FB6E20022E07C /* EUExFile.m */ = {isa = PBXFileReference; fileEncoding = 4; lastKnownFileType = sourcecode.c.objc; path = EUExFile.m; sourceTree = "<group>"; };
		5A5010C4188FB6E20022E07C /* File.h */ = {isa = PBXFileReference; fileEncoding = 4; lastKnownFileType = sourcecode.c.h; path = File.h; sourceTree = "<group>"; };
		5A5010C5188FB6E20022E07C /* File.m */ = {isa = PBXFileReference; fileEncoding = 4; lastKnownFileType = sourcecode.c.objc; path = File.m; sourceTree = "<group>"; };
		5A5010CF188FB6E20022E07C /* FileListViewController.h */ = {isa = PBXFileReference; fileEncoding = 4; lastKnownFileType = sourcecode.c.h; path = FileListViewController.h; sourceTree = "<group>"; };
		5A5010D0188FB6E20022E07C /* FileListViewController.m */ = {isa = PBXFileReference; fileEncoding = 4; lastKnownFileType = sourcecode.c.objc; path = FileListViewController.m; sourceTree = "<group>"; };
		5A5010D2188FB6E20022E07C /* FileExplorer.h */ = {isa = PBXFileReference; fileEncoding = 4; lastKnownFileType = sourcecode.c.h; path = FileExplorer.h; sourceTree = "<group>"; };
		5A5010D3188FB6E20022E07C /* FileExplorer.m */ = {isa = PBXFileReference; fileEncoding = 4; lastKnownFileType = sourcecode.c.objc; path = FileExplorer.m; sourceTree = "<group>"; };
		5A5010D4188FB6E20022E07C /* FileExplorerItem.h */ = {isa = PBXFileReference; fileEncoding = 4; lastKnownFileType = sourcecode.c.h; path = FileExplorerItem.h; sourceTree = "<group>"; };
		5A5010D5188FB6E20022E07C /* FileExplorerItem.m */ = {isa = PBXFileReference; fileEncoding = 4; lastKnownFileType = sourcecode.c.objc; path = FileExplorerItem.m; sourceTree = "<group>"; };
		5A5010D6188FB6E20022E07C /* FileSelectorViewController.h */ = {isa = PBXFileReference; fileEncoding = 4; lastKnownFileType = sourcecode.c.h; path = FileSelectorViewController.h; sourceTree = "<group>"; };
		5A5010D7188FB6E20022E07C /* FileSelectorViewController.m */ = {isa = PBXFileReference; fileEncoding = 4; lastKnownFileType = sourcecode.c.objc; path = FileSelectorViewController.m; sourceTree = "<group>"; };
/* End PBXFileReference section */

/* Begin PBXFrameworksBuildPhase section */
		3C1AD5CF1BD611BB0091D2A1 /* Frameworks */ = {
			isa = PBXFrameworksBuildPhase;
			buildActionMask = 2147483647;
			files = (
			);
			runOnlyForDeploymentPostprocessing = 0;
		};
		5A501091188FB69B0022E07C /* Frameworks */ = {
			isa = PBXFrameworksBuildPhase;
			buildActionMask = 2147483647;
			files = (
				423887911D6437110028AE3E /* AppCanKit.framework in Frameworks */,
				5A501098188FB69B0022E07C /* Foundation.framework in Frameworks */,
			);
			runOnlyForDeploymentPostprocessing = 0;
		};
/* End PBXFrameworksBuildPhase section */

/* Begin PBXGroup section */
		3C1AD5D31BD611BB0091D2A1 /* uexFileMgrBundle */ = {
			isa = PBXGroup;
			children = (
				420B044E1CA38D9F00E012B2 /* plugin_file_apk.png */,
				420B044F1CA38D9F00E012B2 /* plugin_file_apk@2x.png */,
				420B04501CA38D9F00E012B2 /* plugin_file_doc.png */,
				420B04511CA38D9F00E012B2 /* plugin_file_doc@2x.png */,
				420B04521CA38D9F00E012B2 /* plugin_file_emptyfolder.png */,
				420B04531CA38D9F00E012B2 /* plugin_file_emptyfolder@2x.png */,
				420B04541CA38D9F00E012B2 /* plugin_file_excel.png */,
				420B04551CA38D9F00E012B2 /* plugin_file_excel@2x.png */,
				420B04561CA38D9F00E012B2 /* plugin_file_folder_arrow.png */,
				420B04571CA38D9F00E012B2 /* plugin_file_folder_arrow@2x.png */,
				420B04581CA38D9F00E012B2 /* plugin_file_folder.png */,
				420B04591CA38D9F00E012B2 /* plugin_file_folder@2x.png */,
				420B045A1CA38D9F00E012B2 /* plugin_file_music.png */,
				420B045B1CA38D9F00E012B2 /* plugin_file_music@2x.png */,
				420B045C1CA38D9F00E012B2 /* plugin_file_pdf.png */,
				420B045D1CA38D9F00E012B2 /* plugin_file_pdf@2x.png */,
				420B045E1CA38D9F00E012B2 /* plugin_file_photo.png */,
				420B045F1CA38D9F00E012B2 /* plugin_file_photo@2x.png */,
				420B04601CA38D9F00E012B2 /* plugin_file_ppt.png */,
				420B04611CA38D9F00E012B2 /* plugin_file_ppt@2x.png */,
				420B04621CA38D9F00E012B2 /* plugin_file_Selected.png */,
				420B04631CA38D9F00E012B2 /* plugin_file_txt.png */,
				420B04641CA38D9F00E012B2 /* plugin_file_txt@2x.png */,
				420B04651CA38D9F00E012B2 /* plugin_file_unknown.png */,
				420B04661CA38D9F00E012B2 /* plugin_file_unknown@2x.png */,
				420B04671CA38D9F00E012B2 /* plugin_file_video.png */,
				420B04681CA38D9F00E012B2 /* plugin_file_video@2x.png */,
				420B04691CA38D9F00E012B2 /* plugin_file_zip.png */,
				420B046A1CA38D9F00E012B2 /* plugin_file_zip@2x.png */,
				3C1C09BA1BE0618B00571E72 /* Localizable.strings */,
			);
			path = uexFileMgrBundle;
			sourceTree = "<group>";
		};
		5A50108B188FB69B0022E07C = {
			isa = PBXGroup;
			children = (
				5A501099188FB69B0022E07C /* EUExFileMgr */,
				3C1AD5D31BD611BB0091D2A1 /* uexFileMgrBundle */,
				5A501096188FB69B0022E07C /* Frameworks */,
				5A501095188FB69B0022E07C /* Products */,
			);
			sourceTree = "<group>";
		};
		5A501095188FB69B0022E07C /* Products */ = {
			isa = PBXGroup;
			children = (
				5A501094188FB69B0022E07C /* libuexFileMgr.a */,
				3C1AD5D21BD611BB0091D2A1 /* uexFileMgr.bundle */,
			);
			name = Products;
			sourceTree = "<group>";
		};
		5A501096188FB69B0022E07C /* Frameworks */ = {
			isa = PBXGroup;
			children = (
				5A501097188FB69B0022E07C /* Foundation.framework */,
			);
			name = Frameworks;
			sourceTree = "<group>";
		};
		5A501099188FB69B0022E07C /* EUExFileMgr */ = {
			isa = PBXGroup;
			children = (
				423887901D6437110028AE3E /* AppCanKit.framework */,
				42D7F77D1D00045100447B4C /* EUExFileMgr.h */,
				42D7F77E1D00045100447B4C /* EUExFileMgr.m */,
				5A5010C1188FB6E20022E07C /* sourceCode */,
				5A50109A188FB69B0022E07C /* Supporting Files */,
			);
			path = EUExFileMgr;
			sourceTree = "<group>";
		};
		5A50109A188FB69B0022E07C /* Supporting Files */ = {
			isa = PBXGroup;
			children = (
				5A50109B188FB69B0022E07C /* EUExFileMgr-Prefix.pch */,
			);
			name = "Supporting Files";
			sourceTree = "<group>";
		};
		5A5010C1188FB6E20022E07C /* sourceCode */ = {
			isa = PBXGroup;
			children = (
				5A5010C2188FB6E20022E07C /* EUExFile.h */,
				5A5010C3188FB6E20022E07C /* EUExFile.m */,
				5A5010C4188FB6E20022E07C /* File.h */,
				5A5010C5188FB6E20022E07C /* File.m */,
				5A5010CE188FB6E20022E07C /* mutiFileChoose */,
				5A5010D1188FB6E20022E07C /* singleFileChoose */,
				42E4DF901BA12A08004588FB /* EUExFile+search.h */,
				42E4DF911BA12A08004588FB /* EUExFile+search.m */,
			);
			path = sourceCode;
			sourceTree = "<group>";
		};
		5A5010CE188FB6E20022E07C /* mutiFileChoose */ = {
			isa = PBXGroup;
			children = (
				5A5010CF188FB6E20022E07C /* FileListViewController.h */,
				5A5010D0188FB6E20022E07C /* FileListViewController.m */,
			);
			path = mutiFileChoose;
			sourceTree = "<group>";
		};
		5A5010D1188FB6E20022E07C /* singleFileChoose */ = {
			isa = PBXGroup;
			children = (
				5A5010D2188FB6E20022E07C /* FileExplorer.h */,
				5A5010D3188FB6E20022E07C /* FileExplorer.m */,
				5A5010D4188FB6E20022E07C /* FileExplorerItem.h */,
				5A5010D5188FB6E20022E07C /* FileExplorerItem.m */,
				5A5010D6188FB6E20022E07C /* FileSelectorViewController.h */,
				5A5010D7188FB6E20022E07C /* FileSelectorViewController.m */,
			);
			path = singleFileChoose;
			sourceTree = "<group>";
		};
/* End PBXGroup section */

/* Begin PBXNativeTarget section */
		3C1AD5D11BD611BB0091D2A1 /* uexFileMgrBundle */ = {
			isa = PBXNativeTarget;
			buildConfigurationList = 3C1AD5D71BD611BB0091D2A1 /* Build configuration list for PBXNativeTarget "uexFileMgrBundle" */;
			buildPhases = (
				3C1AD5CE1BD611BB0091D2A1 /* Sources */,
				3C1AD5CF1BD611BB0091D2A1 /* Frameworks */,
				3C1AD5D01BD611BB0091D2A1 /* Resources */,
			);
			buildRules = (
			);
			dependencies = (
			);
			name = uexFileMgrBundle;
			productName = uexFileMgrBundle;
			productReference = 3C1AD5D21BD611BB0091D2A1 /* uexFileMgr.bundle */;
			productType = "com.apple.product-type.bundle";
		};
		5A501093188FB69B0022E07C /* EUExFileMgr */ = {
			isa = PBXNativeTarget;
			buildConfigurationList = 5A5010B7188FB69B0022E07C /* Build configuration list for PBXNativeTarget "EUExFileMgr" */;
			buildPhases = (
				5A501090188FB69B0022E07C /* Sources */,
				5A501091188FB69B0022E07C /* Frameworks */,
				5A501092188FB69B0022E07C /* CopyFiles */,
			);
			buildRules = (
			);
			dependencies = (
				3C1AD5D91BD611E90091D2A1 /* PBXTargetDependency */,
			);
			name = EUExFileMgr;
			productName = EUExFileMgr;
			productReference = 5A501094188FB69B0022E07C /* libuexFileMgr.a */;
			productType = "com.apple.product-type.library.static";
		};
/* End PBXNativeTarget section */

/* Begin PBXProject section */
		5A50108C188FB69B0022E07C /* Project object */ = {
			isa = PBXProject;
			attributes = {
				LastUpgradeCheck = 0730;
				ORGANIZATIONNAME = xll;
				TargetAttributes = {
					3C1AD5D11BD611BB0091D2A1 = {
						CreatedOnToolsVersion = 7.0.1;
					};
				};
			};
			buildConfigurationList = 5A50108F188FB69B0022E07C /* Build configuration list for PBXProject "EUExFileMgr" */;
			compatibilityVersion = "Xcode 3.2";
			developmentRegion = English;
			hasScannedForEncodings = 0;
			knownRegions = (
				en,
				"zh-Hans",
			);
			mainGroup = 5A50108B188FB69B0022E07C;
			productRefGroup = 5A501095188FB69B0022E07C /* Products */;
			projectDirPath = "";
			projectRoot = "";
			targets = (
				5A501093188FB69B0022E07C /* EUExFileMgr */,
				3C1AD5D11BD611BB0091D2A1 /* uexFileMgrBundle */,
			);
		};
/* End PBXProject section */

/* Begin PBXResourcesBuildPhase section */
		3C1AD5D01BD611BB0091D2A1 /* Resources */ = {
			isa = PBXResourcesBuildPhase;
			buildActionMask = 2147483647;
			files = (
				420B04781CA38D9F00E012B2 /* plugin_file_music@2x.png in Resources */,
				420B04701CA38D9F00E012B2 /* plugin_file_emptyfolder@2x.png in Resources */,
				420B047C1CA38D9F00E012B2 /* plugin_file_photo@2x.png in Resources */,
				3C1C09B81BE0618B00571E72 /* Localizable.strings in Resources */,
				420B047B1CA38D9F00E012B2 /* plugin_file_photo.png in Resources */,
				420B04861CA38D9F00E012B2 /* plugin_file_zip.png in Resources */,
				420B046D1CA38D9F00E012B2 /* plugin_file_doc.png in Resources */,
				420B04871CA38D9F00E012B2 /* plugin_file_zip@2x.png in Resources */,
				420B04831CA38D9F00E012B2 /* plugin_file_unknown@2x.png in Resources */,
				420B04741CA38D9F00E012B2 /* plugin_file_folder_arrow@2x.png in Resources */,
				420B046E1CA38D9F00E012B2 /* plugin_file_doc@2x.png in Resources */,
				420B04811CA38D9F00E012B2 /* plugin_file_txt@2x.png in Resources */,
				420B04841CA38D9F00E012B2 /* plugin_file_video.png in Resources */,
				420B04731CA38D9F00E012B2 /* plugin_file_folder_arrow.png in Resources */,
				420B046C1CA38D9F00E012B2 /* plugin_file_apk@2x.png in Resources */,
				420B047E1CA38D9F00E012B2 /* plugin_file_ppt@2x.png in Resources */,
				420B046F1CA38D9F00E012B2 /* plugin_file_emptyfolder.png in Resources */,
				420B047D1CA38D9F00E012B2 /* plugin_file_ppt.png in Resources */,
				420B04721CA38D9F00E012B2 /* plugin_file_excel@2x.png in Resources */,
				420B04851CA38D9F00E012B2 /* plugin_file_video@2x.png in Resources */,
				420B04711CA38D9F00E012B2 /* plugin_file_excel.png in Resources */,
				420B04751CA38D9F00E012B2 /* plugin_file_folder.png in Resources */,
				420B04761CA38D9F00E012B2 /* plugin_file_folder@2x.png in Resources */,
				420B047A1CA38D9F00E012B2 /* plugin_file_pdf@2x.png in Resources */,
				420B04791CA38D9F00E012B2 /* plugin_file_pdf.png in Resources */,
				420B047F1CA38D9F00E012B2 /* plugin_file_Selected.png in Resources */,
				420B04821CA38D9F00E012B2 /* plugin_file_unknown.png in Resources */,
				420B04771CA38D9F00E012B2 /* plugin_file_music.png in Resources */,
				420B04801CA38D9F00E012B2 /* plugin_file_txt.png in Resources */,
				420B046B1CA38D9F00E012B2 /* plugin_file_apk.png in Resources */,
			);
			runOnlyForDeploymentPostprocessing = 0;
		};
/* End PBXResourcesBuildPhase section */

/* Begin PBXSourcesBuildPhase section */
		3C1AD5CE1BD611BB0091D2A1 /* Sources */ = {
			isa = PBXSourcesBuildPhase;
			buildActionMask = 2147483647;
			files = (
			);
			runOnlyForDeploymentPostprocessing = 0;
		};
		5A501090188FB69B0022E07C /* Sources */ = {
			isa = PBXSourcesBuildPhase;
			buildActionMask = 2147483647;
			files = (
				5A5010D8188FB6E20022E07C /* EUExFile.m in Sources */,
				5A5010DD188FB6E20022E07C /* FileSelectorViewController.m in Sources */,
				5A5010DA188FB6E20022E07C /* FileListViewController.m in Sources */,
				42E4DF921BA12A08004588FB /* EUExFile+search.m in Sources */,
				5A5010DC188FB6E20022E07C /* FileExplorerItem.m in Sources */,
				42D7F77F1D00045100447B4C /* EUExFileMgr.m in Sources */,
				5A5010D9188FB6E20022E07C /* File.m in Sources */,
				5A5010DB188FB6E20022E07C /* FileExplorer.m in Sources */,
			);
			runOnlyForDeploymentPostprocessing = 0;
		};
/* End PBXSourcesBuildPhase section */

/* Begin PBXTargetDependency section */
		3C1AD5D91BD611E90091D2A1 /* PBXTargetDependency */ = {
			isa = PBXTargetDependency;
			target = 3C1AD5D11BD611BB0091D2A1 /* uexFileMgrBundle */;
			targetProxy = 3C1AD5D81BD611E90091D2A1 /* PBXContainerItemProxy */;
		};
/* End PBXTargetDependency section */

/* Begin PBXVariantGroup section */
		3C1C09BA1BE0618B00571E72 /* Localizable.strings */ = {
			isa = PBXVariantGroup;
			children = (
				3C1C09B91BE0618B00571E72 /* en */,
				3C1C09BB1BE0618C00571E72 /* zh-Hans */,
			);
			name = Localizable.strings;
			sourceTree = "<group>";
		};
/* End PBXVariantGroup section */

/* Begin XCBuildConfiguration section */
		3C1AD5D51BD611BB0091D2A1 /* Debug */ = {
			isa = XCBuildConfiguration;
			buildSettings = {
				CLANG_ENABLE_OBJC_ARC = YES;
				CLANG_WARN_UNREACHABLE_CODE = YES;
				COMBINE_HIDPI_IMAGES = NO;
				CONFIGURATION_BUILD_DIR = $SRCROOT/uexFileMgr;
				DEBUG_INFORMATION_FORMAT = dwarf;
				ENABLE_STRICT_OBJC_MSGSEND = YES;
				ENABLE_TESTABILITY = YES;
				GCC_NO_COMMON_BLOCKS = YES;
				GCC_WARN_UNINITIALIZED_AUTOS = YES_AGGRESSIVE;
				INFOPLIST_FILE = "";
				INSTALL_PATH = "$(LOCAL_LIBRARY_DIR)/Bundles";
				MACOSX_DEPLOYMENT_TARGET = 10.10;
				MTL_ENABLE_DEBUG_INFO = YES;
				PRODUCT_BUNDLE_IDENTIFIER = com.zywx.uexFileMgrBundle;
				PRODUCT_MODULE_NAME = uexFileMgr;
				PRODUCT_NAME = uexFileMgr;
				SDKROOT = macosx;
				SKIP_INSTALL = YES;
				WRAPPER_EXTENSION = bundle;
			};
			name = Debug;
		};
		3C1AD5D61BD611BB0091D2A1 /* Release */ = {
			isa = XCBuildConfiguration;
			buildSettings = {
				CLANG_ENABLE_OBJC_ARC = YES;
				CLANG_WARN_UNREACHABLE_CODE = YES;
				COMBINE_HIDPI_IMAGES = NO;
				CONFIGURATION_BUILD_DIR = $SRCROOT/uexFileMgr;
				COPY_PHASE_STRIP = NO;
				DEBUG_INFORMATION_FORMAT = dwarf;
				ENABLE_STRICT_OBJC_MSGSEND = YES;
				GCC_NO_COMMON_BLOCKS = YES;
				GCC_WARN_UNINITIALIZED_AUTOS = YES_AGGRESSIVE;
				INFOPLIST_FILE = "";
				INSTALL_PATH = "$(LOCAL_LIBRARY_DIR)/Bundles";
				MACOSX_DEPLOYMENT_TARGET = 10.10;
				MTL_ENABLE_DEBUG_INFO = NO;
				PRODUCT_BUNDLE_IDENTIFIER = com.zywx.uexFileMgrBundle;
				PRODUCT_MODULE_NAME = uexFileMgr;
				PRODUCT_NAME = uexFileMgr;
				SDKROOT = macosx;
				SKIP_INSTALL = YES;
				WRAPPER_EXTENSION = bundle;
			};
			name = Release;
		};
		5A5010B5188FB69B0022E07C /* Debug */ = {
			isa = XCBuildConfiguration;
			buildSettings = {
				ALWAYS_SEARCH_USER_PATHS = NO;
				ARCHS = "$(ARCHS_STANDARD_INCLUDING_64_BIT)";
				CLANG_CXX_LANGUAGE_STANDARD = "gnu++0x";
				CLANG_CXX_LIBRARY = "libc++";
				CLANG_ENABLE_MODULES = YES;
				CLANG_ENABLE_OBJC_ARC = NO;
				CLANG_WARN_BOOL_CONVERSION = YES;
				CLANG_WARN_CONSTANT_CONVERSION = YES;
				CLANG_WARN_DIRECT_OBJC_ISA_USAGE = YES_ERROR;
				CLANG_WARN_EMPTY_BODY = YES;
				CLANG_WARN_ENUM_CONVERSION = YES;
				CLANG_WARN_INT_CONVERSION = YES;
				CLANG_WARN_OBJC_ROOT_CLASS = YES_ERROR;
				CLANG_WARN__DUPLICATE_METHOD_MATCH = YES;
				COPY_PHASE_STRIP = NO;
				ENABLE_TESTABILITY = YES;
				GCC_C_LANGUAGE_STANDARD = gnu99;
				GCC_DYNAMIC_NO_PIC = NO;
				GCC_OPTIMIZATION_LEVEL = 0;
				GCC_PREPROCESSOR_DEFINITIONS = (
					"DEBUG=1",
					"$(inherited)",
				);
				GCC_SYMBOLS_PRIVATE_EXTERN = NO;
				GCC_WARN_64_TO_32_BIT_CONVERSION = YES;
				GCC_WARN_ABOUT_RETURN_TYPE = YES_ERROR;
				GCC_WARN_UNDECLARED_SELECTOR = YES;
				GCC_WARN_UNINITIALIZED_AUTOS = YES;
				GCC_WARN_UNUSED_FUNCTION = YES;
				GCC_WARN_UNUSED_VARIABLE = YES;
				IPHONEOS_DEPLOYMENT_TARGET = 4.3;
				ONLY_ACTIVE_ARCH = YES;
				SDKROOT = iphoneos;
			};
			name = Debug;
		};
		5A5010B6188FB69B0022E07C /* Release */ = {
			isa = XCBuildConfiguration;
			buildSettings = {
				ALWAYS_SEARCH_USER_PATHS = NO;
				ARCHS = "$(ARCHS_STANDARD_INCLUDING_64_BIT)";
				CLANG_CXX_LANGUAGE_STANDARD = "gnu++0x";
				CLANG_CXX_LIBRARY = "libc++";
				CLANG_ENABLE_MODULES = YES;
				CLANG_ENABLE_OBJC_ARC = NO;
				CLANG_WARN_BOOL_CONVERSION = YES;
				CLANG_WARN_CONSTANT_CONVERSION = YES;
				CLANG_WARN_DIRECT_OBJC_ISA_USAGE = YES_ERROR;
				CLANG_WARN_EMPTY_BODY = YES;
				CLANG_WARN_ENUM_CONVERSION = YES;
				CLANG_WARN_INT_CONVERSION = YES;
				CLANG_WARN_OBJC_ROOT_CLASS = YES_ERROR;
				CLANG_WARN__DUPLICATE_METHOD_MATCH = YES;
				COPY_PHASE_STRIP = YES;
				ENABLE_NS_ASSERTIONS = NO;
				GCC_C_LANGUAGE_STANDARD = gnu99;
				GCC_WARN_64_TO_32_BIT_CONVERSION = YES;
				GCC_WARN_ABOUT_RETURN_TYPE = YES_ERROR;
				GCC_WARN_UNDECLARED_SELECTOR = YES;
				GCC_WARN_UNINITIALIZED_AUTOS = YES;
				GCC_WARN_UNUSED_FUNCTION = YES;
				GCC_WARN_UNUSED_VARIABLE = YES;
				IPHONEOS_DEPLOYMENT_TARGET = 4.3;
				SDKROOT = iphoneos;
				VALIDATE_PRODUCT = YES;
			};
			name = Release;
		};
		5A5010B8188FB69B0022E07C /* Debug */ = {
			isa = XCBuildConfiguration;
			buildSettings = {
				ARCHS = "$(ARCHS_STANDARD)";
				CLANG_ENABLE_OBJC_ARC = YES;
				CONFIGURATION_BUILD_DIR = "$(SRCROOT)/uexFileMgr/";
				DSTROOT = /tmp/EUExFileMgr.dst;
				FRAMEWORK_SEARCH_PATHS = (
					"$(inherited)",
					"$(PROJECT_DIR)/EUExFileMgr",
				);
				GCC_PRECOMPILE_PREFIX_HEADER = YES;
				GCC_PREFIX_HEADER = "EUExFileMgr/EUExFileMgr-Prefix.pch";
				IPHONEOS_DEPLOYMENT_TARGET = 6.0;
				ONLY_ACTIVE_ARCH = NO;
				OTHER_LDFLAGS = "-ObjC";
				PRODUCT_NAME = uexFileMgr;
				SKIP_INSTALL = YES;
			};
			name = Debug;
		};
		5A5010B9188FB69B0022E07C /* Release */ = {
			isa = XCBuildConfiguration;
			buildSettings = {
				ARCHS = "$(ARCHS_STANDARD)";
				CLANG_ENABLE_OBJC_ARC = YES;
				CONFIGURATION_BUILD_DIR = "$(SRCROOT)/uexFileMgr/";
				DSTROOT = /tmp/EUExFileMgr.dst;
				FRAMEWORK_SEARCH_PATHS = (
					"$(inherited)",
					"$(PROJECT_DIR)/EUExFileMgr",
				);
				GCC_PRECOMPILE_PREFIX_HEADER = YES;
				GCC_PREFIX_HEADER = "EUExFileMgr/EUExFileMgr-Prefix.pch";
				IPHONEOS_DEPLOYMENT_TARGET = 6.0;
				ONLY_ACTIVE_ARCH = NO;
				OTHER_LDFLAGS = "-ObjC";
				PRODUCT_NAME = uexFileMgr;
				SKIP_INSTALL = YES;
			};
			name = Release;
		};
/* End XCBuildConfiguration section */

/* Begin XCConfigurationList section */
		3C1AD5D71BD611BB0091D2A1 /* Build configuration list for PBXNativeTarget "uexFileMgrBundle" */ = {
			isa = XCConfigurationList;
			buildConfigurations = (
				3C1AD5D51BD611BB0091D2A1 /* Debug */,
				3C1AD5D61BD611BB0091D2A1 /* Release */,
			);
			defaultConfigurationIsVisible = 0;
			defaultConfigurationName = Release;
		};
		5A50108F188FB69B0022E07C /* Build configuration list for PBXProject "EUExFileMgr" */ = {
			isa = XCConfigurationList;
			buildConfigurations = (
				5A5010B5188FB69B0022E07C /* Debug */,
				5A5010B6188FB69B0022E07C /* Release */,
			);
			defaultConfigurationIsVisible = 0;
			defaultConfigurationName = Release;
		};
		5A5010B7188FB69B0022E07C /* Build configuration list for PBXNativeTarget "EUExFileMgr" */ = {
			isa = XCConfigurationList;
			buildConfigurations = (
				5A5010B8188FB69B0022E07C /* Debug */,
				5A5010B9188FB69B0022E07C /* Release */,
			);
			defaultConfigurationIsVisible = 0;
			defaultConfigurationName = Release;
		};
/* End XCConfigurationList section */
	};
	rootObject = 5A50108C188FB69B0022E07C /* Project object */;
}
